
Microsoft Visual Studio Solution File, Format Version 12.00
# Visual Studio Version 16
VisualStudioVersion = 16.0.31702.278
MinimumVisualStudioVersion = 10.0.40219.1
Project("{FAE04EC0-301F-11D3-BF4B-00C04F79EFBC}") = "UC6EmpWagesCondition", "UC6EmpWagesCondition.csproj", "{C41FE40D-2D52-4A19-ACF9-EC77A8FAA174}"
EndProject
Global
	GlobalSection(SolutionConfigurationPlatforms) = preSolution
		Debug|Any CPU = Debug|Any CPU
		Release|Any CPU = Release|Any CPU
	EndGlobalSection
	GlobalSection(ProjectConfigurationPlatforms) = postSolution
		{C41FE40D-2D52-4A19-ACF9-EC77A8FAA174}.Debug|Any CPU.ActiveCfg = Debug|Any CPU
		{C41FE40D-2D52-4A19-ACF9-EC77A8FAA174}.Debug|Any CPU.Build.0 = Debug|Any CPU
		{C41FE40D-2D52-4A19-ACF9-EC77A8FAA174}.Release|Any CPU.ActiveCfg = Release|Any CPU
		{C41FE40D-2D52-4A19-ACF9-EC77A8FAA174}.Release|Any CPU.Build.0 = Release|Any CPU
	EndGlobalSection
	GlobalSection(SolutionProperties) = preSolution
		HideSolutionNode = FALSE
	EndGlobalSection
	GlobalSection(ExtensibilityGlobals) = postSolution
		SolutionGuid = {C61DB857-FA47-44D5-9AAC-32DD35EEEC92}
	EndGlobalSection
EndGlobal
